// !$*UTF8*$!
{
	archiveVersion = 1;
	classes = {
	};
	objectVersion = 46;
	objects = {

/* Begin PBXBuildFile section */
		6356CF571955612700BDD9C4 /* Foundation.framework in Frameworks */ = {isa = PBXBuildFile; fileRef = 6356CF561955612700BDD9C4 /* Foundation.framework */; };
		6356CF591955612700BDD9C4 /* CoreGraphics.framework in Frameworks */ = {isa = PBXBuildFile; fileRef = 6356CF581955612700BDD9C4 /* CoreGraphics.framework */; };
		6356CF5B1955612700BDD9C4 /* UIKit.framework in Frameworks */ = {isa = PBXBuildFile; fileRef = 6356CF5A1955612700BDD9C4 /* UIKit.framework */; };
		6356CF5D1955612700BDD9C4 /* CoreData.framework in Frameworks */ = {isa = PBXBuildFile; fileRef = 6356CF5C1955612700BDD9C4 /* CoreData.framework */; };
		6356CF631955612700BDD9C4 /* InfoPlist.strings in Resources */ = {isa = PBXBuildFile; fileRef = 6356CF611955612700BDD9C4 /* InfoPlist.strings */; };
		6356CF651955612700BDD9C4 /* main.m in Sources */ = {isa = PBXBuildFile; fileRef = 6356CF641955612700BDD9C4 /* main.m */; };
		6356CF691955612700BDD9C4 /* PKAppDelegate.m in Sources */ = {isa = PBXBuildFile; fileRef = 6356CF681955612700BDD9C4 /* PKAppDelegate.m */; };
		6356CF6C1955612700BDD9C4 /* ShotRocket.xcdatamodeld in Sources */ = {isa = PBXBuildFile; fileRef = 6356CF6A1955612700BDD9C4 /* ShotRocket.xcdatamodeld */; };
		6356CF6E1955612700BDD9C4 /* Images.xcassets in Resources */ = {isa = PBXBuildFile; fileRef = 6356CF6D1955612700BDD9C4 /* Images.xcassets */; };
		6356CF751955612700BDD9C4 /* XCTest.framework in Frameworks */ = {isa = PBXBuildFile; fileRef = 6356CF741955612700BDD9C4 /* XCTest.framework */; };
		6356CF761955612700BDD9C4 /* Foundation.framework in Frameworks */ = {isa = PBXBuildFile; fileRef = 6356CF561955612700BDD9C4 /* Foundation.framework */; };
		6356CF771955612700BDD9C4 /* UIKit.framework in Frameworks */ = {isa = PBXBuildFile; fileRef = 6356CF5A1955612700BDD9C4 /* UIKit.framework */; };
		6356CF781955612700BDD9C4 /* CoreData.framework in Frameworks */ = {isa = PBXBuildFile; fileRef = 6356CF5C1955612700BDD9C4 /* CoreData.framework */; };
		6356CF801955612700BDD9C4 /* InfoPlist.strings in Resources */ = {isa = PBXBuildFile; fileRef = 6356CF7E1955612700BDD9C4 /* InfoPlist.strings */; };
		6356CF821955612700BDD9C4 /* ShotRocketTests.m in Sources */ = {isa = PBXBuildFile; fileRef = 6356CF811955612700BDD9C4 /* ShotRocketTests.m */; };
/* End PBXBuildFile section */

/* Begin PBXContainerItemProxy section */
		6356CF791955612700BDD9C4 /* PBXContainerItemProxy */ = {
			isa = PBXContainerItemProxy;
			containerPortal = 6356CF4B1955612700BDD9C4 /* Project object */;
			proxyType = 1;
			remoteGlobalIDString = 6356CF521955612700BDD9C4;
			remoteInfo = ShotRocket;
		};
/* End PBXContainerItemProxy section */

/* Begin PBXFileReference section */
		6356CF531955612700BDD9C4 /* ShotRocket.app */ = {isa = PBXFileReference; explicitFileType = wrapper.application; includeInIndex = 0; path = ShotRocket.app; sourceTree = BUILT_PRODUCTS_DIR; };
		6356CF561955612700BDD9C4 /* Foundation.framework */ = {isa = PBXFileReference; lastKnownFileType = wrapper.framework; name = Foundation.framework; path = System/Library/Frameworks/Foundation.framework; sourceTree = SDKROOT; };
		6356CF581955612700BDD9C4 /* CoreGraphics.framework */ = {isa = PBXFileReference; lastKnownFileType = wrapper.framework; name = CoreGraphics.framework; path = System/Library/Frameworks/CoreGraphics.framework; sourceTree = SDKROOT; };
		6356CF5A1955612700BDD9C4 /* UIKit.framework */ = {isa = PBXFileReference; lastKnownFileType = wrapper.framework; name = UIKit.framework; path = System/Library/Frameworks/UIKit.framework; sourceTree = SDKROOT; };
		6356CF5C1955612700BDD9C4 /* CoreData.framework */ = {isa = PBXFileReference; lastKnownFileType = wrapper.framework; name = CoreData.framework; path = System/Library/Frameworks/CoreData.framework; sourceTree = SDKROOT; };
		6356CF601955612700BDD9C4 /* ShotRocket-Info.plist */ = {isa = PBXFileReference; lastKnownFileType = text.plist.xml; path = "ShotRocket-Info.plist"; sourceTree = "<group>"; };
		6356CF621955612700BDD9C4 /* en */ = {isa = PBXFileReference; lastKnownFileType = text.plist.strings; name = en; path = en.lproj/InfoPlist.strings; sourceTree = "<group>"; };
		6356CF641955612700BDD9C4 /* main.m */ = {isa = PBXFileReference; lastKnownFileType = sourcecode.c.objc; path = main.m; sourceTree = "<group>"; };
		6356CF661955612700BDD9C4 /* ShotRocket-Prefix.pch */ = {isa = PBXFileReference; lastKnownFileType = sourcecode.c.h; path = "ShotRocket-Prefix.pch"; sourceTree = "<group>"; };
		6356CF671955612700BDD9C4 /* PKAppDelegate.h */ = {isa = PBXFileReference; lastKnownFileType = sourcecode.c.h; path = PKAppDelegate.h; sourceTree = "<group>"; };
		6356CF681955612700BDD9C4 /* PKAppDelegate.m */ = {isa = PBXFileReference; lastKnownFileType = sourcecode.c.objc; path = PKAppDelegate.m; sourceTree = "<group>"; };
		6356CF6B1955612700BDD9C4 /* ShotRocket.xcdatamodel */ = {isa = PBXFileReference; lastKnownFileType = wrapper.xcdatamodel; path = ShotRocket.xcdatamodel; sourceTree = "<group>"; };
		6356CF6D1955612700BDD9C4 /* Images.xcassets */ = {isa = PBXFileReference; lastKnownFileType = folder.assetcatalog; path = Images.xcassets; sourceTree = "<group>"; };
		6356CF731955612700BDD9C4 /* ShotRocketTests.xctest */ = {isa = PBXFileReference; explicitFileType = wrapper.cfbundle; includeInIndex = 0; path = ShotRocketTests.xctest; sourceTree = BUILT_PRODUCTS_DIR; };
		6356CF741955612700BDD9C4 /* XCTest.framework */ = {isa = PBXFileReference; lastKnownFileType = wrapper.framework; name = XCTest.framework; path = Library/Frameworks/XCTest.framework; sourceTree = DEVELOPER_DIR; };
		6356CF7D1955612700BDD9C4 /* ShotRocketTests-Info.plist */ = {isa = PBXFileReference; lastKnownFileType = text.plist.xml; path = "ShotRocketTests-Info.plist"; sourceTree = "<group>"; };
		6356CF7F1955612700BDD9C4 /* en */ = {isa = PBXFileReference; lastKnownFileType = text.plist.strings; name = en; path = en.lproj/InfoPlist.strings; sourceTree = "<group>"; };
		6356CF811955612700BDD9C4 /* ShotRocketTests.m */ = {isa = PBXFileReference; lastKnownFileType = sourcecode.c.objc; path = ShotRocketTests.m; sourceTree = "<group>"; };
/* End PBXFileReference section */

/* Begin PBXFrameworksBuildPhase section */
		6356CF501955612700BDD9C4 /* Frameworks */ = {
			isa = PBXFrameworksBuildPhase;
			buildActionMask = 2147483647;
			files = (
				6356CF591955612700BDD9C4 /* CoreGraphics.framework in Frameworks */,
				6356CF5D1955612700BDD9C4 /* CoreData.framework in Frameworks */,
				6356CF5B1955612700BDD9C4 /* UIKit.framework in Frameworks */,
				6356CF571955612700BDD9C4 /* Foundation.framework in Frameworks */,
			);
			runOnlyForDeploymentPostprocessing = 0;
		};
		6356CF701955612700BDD9C4 /* Frameworks */ = {
			isa = PBXFrameworksBuildPhase;
			buildActionMask = 2147483647;
			files = (
				6356CF751955612700BDD9C4 /* XCTest.framework in Frameworks */,
				6356CF781955612700BDD9C4 /* CoreData.framework in Frameworks */,
				6356CF771955612700BDD9C4 /* UIKit.framework in Frameworks */,
				6356CF761955612700BDD9C4 /* Foundation.framework in Frameworks */,
			);
			runOnlyForDeploymentPostprocessing = 0;
		};
/* End PBXFrameworksBuildPhase section */

/* Begin PBXGroup section */
		6356CF4A1955612700BDD9C4 = {
			isa = PBXGroup;
			children = (
				6356CF5E1955612700BDD9C4 /* ShotRocket */,
				6356CF7B1955612700BDD9C4 /* ShotRocketTests */,
				6356CF551955612700BDD9C4 /* Frameworks */,
				6356CF541955612700BDD9C4 /* Products */,
			);
			sourceTree = "<group>";
		};
		6356CF541955612700BDD9C4 /* Products */ = {
			isa = PBXGroup;
			children = (
				6356CF531955612700BDD9C4 /* ShotRocket.app */,
				6356CF731955612700BDD9C4 /* ShotRocketTests.xctest */,
			);
			name = Products;
			sourceTree = "<group>";
		};
		6356CF551955612700BDD9C4 /* Frameworks */ = {
			isa = PBXGroup;
			children = (
				6356CF561955612700BDD9C4 /* Foundation.framework */,
				6356CF581955612700BDD9C4 /* CoreGraphics.framework */,
				6356CF5A1955612700BDD9C4 /* UIKit.framework */,
				6356CF5C1955612700BDD9C4 /* CoreData.framework */,
				6356CF741955612700BDD9C4 /* XCTest.framework */,
			);
			name = Frameworks;
			sourceTree = "<group>";
		};
		6356CF5E1955612700BDD9C4 /* ShotRocket */ = {
			isa = PBXGroup;
			children = (
				6356CF671955612700BDD9C4 /* PKAppDelegate.h */,
				6356CF681955612700BDD9C4 /* PKAppDelegate.m */,
				6356CF6D1955612700BDD9C4 /* Images.xcassets */,
				6356CF6A1955612700BDD9C4 /* ShotRocket.xcdatamodeld */,
				6356CF5F1955612700BDD9C4 /* Supporting Files */,
			);
			path = ShotRocket;
			sourceTree = "<group>";
		};
		6356CF5F1955612700BDD9C4 /* Supporting Files */ = {
			isa = PBXGroup;
			children = (
				6356CF601955612700BDD9C4 /* ShotRocket-Info.plist */,
				6356CF611955612700BDD9C4 /* InfoPlist.strings */,
				6356CF641955612700BDD9C4 /* main.m */,
				6356CF661955612700BDD9C4 /* ShotRocket-Prefix.pch */,
			);
			name = "Supporting Files";
			sourceTree = "<group>";
		};
		6356CF7B1955612700BDD9C4 /* ShotRocketTests */ = {
			isa = PBXGroup;
			children = (
				6356CF811955612700BDD9C4 /* ShotRocketTests.m */,
				6356CF7C1955612700BDD9C4 /* Supporting Files */,
			);
			path = ShotRocketTests;
			sourceTree = "<group>";
		};
		6356CF7C1955612700BDD9C4 /* Supporting Files */ = {
			isa = PBXGroup;
			children = (
				6356CF7D1955612700BDD9C4 /* ShotRocketTests-Info.plist */,
				6356CF7E1955612700BDD9C4 /* InfoPlist.strings */,
			);
			name = "Supporting Files";
			sourceTree = "<group>";
		};
/* End PBXGroup section */

/* Begin PBXNativeTarget section */
		6356CF521955612700BDD9C4 /* ShotRocket */ = {
			isa = PBXNativeTarget;
			buildConfigurationList = 6356CF851955612700BDD9C4 /* Build configuration list for PBXNativeTarget "ShotRocket" */;
			buildPhases = (
				6356CF4F1955612700BDD9C4 /* Sources */,
				6356CF501955612700BDD9C4 /* Frameworks */,
				6356CF511955612700BDD9C4 /* Resources */,
			);
			buildRules = (
			);
			dependencies = (
			);
			name = ShotRocket;
			productName = ShotRocket;
			productReference = 6356CF531955612700BDD9C4 /* ShotRocket.app */;
			productType = "com.apple.product-type.application";
		};
		6356CF721955612700BDD9C4 /* ShotRocketTests */ = {
			isa = PBXNativeTarget;
			buildConfigurationList = 6356CF881955612700BDD9C4 /* Build configuration list for PBXNativeTarget "ShotRocketTests" */;
			buildPhases = (
				6356CF6F1955612700BDD9C4 /* Sources */,
				6356CF701955612700BDD9C4 /* Frameworks */,
				6356CF711955612700BDD9C4 /* Resources */,
			);
			buildRules = (
			);
			dependencies = (
				6356CF7A1955612700BDD9C4 /* PBXTargetDependency */,
			);
			name = ShotRocketTests;
			productName = ShotRocketTests;
			productReference = 6356CF731955612700BDD9C4 /* ShotRocketTests.xctest */;
			productType = "com.apple.product-type.bundle.unit-test";
		};
/* End PBXNativeTarget section */

/* Begin PBXProject section */
		6356CF4B1955612700BDD9C4 /* Project object */ = {
			isa = PBXProject;
			attributes = {
				CLASSPREFIX = PK;
				LastUpgradeCheck = 0510;
				ORGANIZATIONNAME = "Peaking Software LLC";
				TargetAttributes = {
					6356CF721955612700BDD9C4 = {
						TestTargetID = 6356CF521955612700BDD9C4;
					};
				};
			};
			buildConfigurationList = 6356CF4E1955612700BDD9C4 /* Build configuration list for PBXProject "ShotRocket" */;
			compatibilityVersion = "Xcode 3.2";
			developmentRegion = English;
			hasScannedForEncodings = 0;
			knownRegions = (
				en,
			);
			mainGroup = 6356CF4A1955612700BDD9C4;
			productRefGroup = 6356CF541955612700BDD9C4 /* Products */;
			projectDirPath = "";
			projectRoot = "";
			targets = (
				6356CF521955612700BDD9C4 /* ShotRocket */,
				6356CF721955612700BDD9C4 /* ShotRocketTests */,
			);
		};
/* End PBXProject section */

/* Begin PBXResourcesBuildPhase section */
		6356CF511955612700BDD9C4 /* Resources */ = {
			isa = PBXResourcesBuildPhase;
			buildActionMask = 2147483647;
			files = (
				6356CF631955612700BDD9C4 /* InfoPlist.strings in Resources */,
				6356CF6E1955612700BDD9C4 /* Images.xcassets in Resources */,
			);
			runOnlyForDeploymentPostprocessing = 0;
		};
		6356CF711955612700BDD9C4 /* Resources */ = {
			isa = PBXResourcesBuildPhase;
			buildActionMask = 2147483647;
			files = (
				6356CF801955612700BDD9C4 /* InfoPlist.strings in Resources */,
			);
			runOnlyForDeploymentPostprocessing = 0;
		};
/* End PBXResourcesBuildPhase section */

/* Begin PBXSourcesBuildPhase section */
		6356CF4F1955612700BDD9C4 /* Sources */ = {
			isa = PBXSourcesBuildPhase;
			buildActionMask = 2147483647;
			files = (
				6356CF6C1955612700BDD9C4 /* ShotRocket.xcdatamodeld in Sources */,
				6356CF651955612700BDD9C4 /* main.m in Sources */,
				6356CF691955612700BDD9C4 /* PKAppDelegate.m in Sources */,
			);
			runOnlyForDeploymentPostprocessing = 0;
		};
		6356CF6F1955612700BDD9C4 /* Sources */ = {
			isa = PBXSourcesBuildPhase;
			buildActionMask = 2147483647;
			files = (
				6356CF821955612700BDD9C4 /* ShotRocketTests.m in Sources */,
			);
			runOnlyForDeploymentPostprocessing = 0;
		};
/* End PBXSourcesBuildPhase section */

/* Begin PBXTargetDependency section */
		6356CF7A1955612700BDD9C4 /* PBXTargetDependency */ = {
			isa = PBXTargetDependency;
			target = 6356CF521955612700BDD9C4 /* ShotRocket */;
			targetProxy = 6356CF791955612700BDD9C4 /* PBXContainerItemProxy */;
		};
/* End PBXTargetDependency section */

/* Begin PBXVariantGroup section */
		6356CF611955612700BDD9C4 /* InfoPlist.strings */ = {
			isa = PBXVariantGroup;
			children = (
				6356CF621955612700BDD9C4 /* en */,
			);
			name = InfoPlist.strings;
			sourceTree = "<group>";
		};
		6356CF7E1955612700BDD9C4 /* InfoPlist.strings */ = {
			isa = PBXVariantGroup;
			children = (
				6356CF7F1955612700BDD9C4 /* en */,
			);
			name = InfoPlist.strings;
			sourceTree = "<group>";
		};
/* End PBXVariantGroup section */

/* Begin XCBuildConfiguration section */
		6356CF831955612700BDD9C4 /* Debug */ = {
			isa = XCBuildConfiguration;
			buildSettings = {
				ALWAYS_SEARCH_USER_PATHS = NO;
				CLANG_CXX_LANGUAGE_STANDARD = "gnu++0x";
				CLANG_CXX_LIBRARY = "libc++";
				CLANG_ENABLE_MODULES = YES;
				CLANG_ENABLE_OBJC_ARC = YES;
				CLANG_WARN_BOOL_CONVERSION = YES;
				CLANG_WARN_CONSTANT_CONVERSION = YES;
				CLANG_WARN_DIRECT_OBJC_ISA_USAGE = YES_ERROR;
				CLANG_WARN_EMPTY_BODY = YES;
				CLANG_WARN_ENUM_CONVERSION = YES;
				CLANG_WARN_INT_CONVERSION = YES;
				CLANG_WARN_OBJC_ROOT_CLASS = YES_ERROR;
				CLANG_WARN__DUPLICATE_METHOD_MATCH = YES;
				"CODE_SIGN_IDENTITY[sdk=iphoneos*]" = "iPhone Developer";
				COPY_PHASE_STRIP = NO;
				GCC_C_LANGUAGE_STANDARD = gnu99;
				GCC_DYNAMIC_NO_PIC = NO;
				GCC_OPTIMIZATION_LEVEL = 0;
				GCC_PREPROCESSOR_DEFINITIONS = (
					"DEBUG=1",
					"$(inherited)",
				);
				GCC_SYMBOLS_PRIVATE_EXTERN = NO;
				GCC_WARN_64_TO_32_BIT_CONVERSION = YES;
				GCC_WARN_ABOUT_RETURN_TYPE = YES_ERROR;
				GCC_WARN_UNDECLARED_SELECTOR = YES;
				GCC_WARN_UNINITIALIZED_AUTOS = YES_AGGRESSIVE;
				GCC_WARN_UNUSED_FUNCTION = YES;
				GCC_WARN_UNUSED_VARIABLE = YES;
				IPHONEOS_DEPLOYMENT_TARGET = 7.1;
				ONLY_ACTIVE_ARCH = YES;
				SDKROOT = iphoneos;
				TARGETED_DEVICE_FAMILY = "1,2";
			};
			name = Debug;
		};
		6356CF841955612700BDD9C4 /* Release */ = {
			isa = XCBuildConfiguration;
			buildSettings = {
				ALWAYS_SEARCH_USER_PATHS = NO;
				CLANG_CXX_LANGUAGE_STANDARD = "gnu++0x";
				CLANG_CXX_LIBRARY = "libc++";
				CLANG_ENABLE_MODULES = YES;
				CLANG_ENABLE_OBJC_ARC = YES;
				CLANG_WARN_BOOL_CONVERSION = YES;
				CLANG_WARN_CONSTANT_CONVERSION = YES;
				CLANG_WARN_DIRECT_OBJC_ISA_USAGE = YES_ERROR;
				CLANG_WARN_EMPTY_BODY = YES;
				CLANG_WARN_ENUM_CONVERSION = YES;
				CLANG_WARN_INT_CONVERSION = YES;
				CLANG_WARN_OBJC_ROOT_CLASS = YES_ERROR;
				CLANG_WARN__DUPLICATE_METHOD_MATCH = YES;
				"CODE_SIGN_IDENTITY[sdk=iphoneos*]" = "iPhone Developer";
				COPY_PHASE_STRIP = YES;
				ENABLE_NS_ASSERTIONS = NO;
				GCC_C_LANGUAGE_STANDARD = gnu99;
				GCC_WARN_64_TO_32_BIT_CONVERSION = YES;
				GCC_WARN_ABOUT_RETURN_TYPE = YES_ERROR;
				GCC_WARN_UNDECLARED_SELECTOR = YES;
				GCC_WARN_UNINITIALIZED_AUTOS = YES_AGGRESSIVE;
				GCC_WARN_UNUSED_FUNCTION = YES;
				GCC_WARN_UNUSED_VARIABLE = YES;
				IPHONEOS_DEPLOYMENT_TARGET = 7.1;
				SDKROOT = iphoneos;
				TARGETED_DEVICE_FAMILY = "1,2";
				VALIDATE_PRODUCT = YES;
			};
			name = Release;
		};
		6356CF861955612700BDD9C4 /* Debug */ = {
			isa = XCBuildConfiguration;
			buildSettings = {
				ASSETCATALOG_COMPILER_APPICON_NAME = AppIcon;
				ASSETCATALOG_COMPILER_LAUNCHIMAGE_NAME = LaunchImage;
				GCC_PRECOMPILE_PREFIX_HEADER = YES;
				GCC_PREFIX_HEADER = "ShotRocket/ShotRocket-Prefix.pch";
				INFOPLIST_FILE = "ShotRocket/ShotRocket-Info.plist";
				PRODUCT_NAME = "$(TARGET_NAME)";
				WRAPPER_EXTENSION = app;
			};
			name = Debug;
		};
		6356CF871955612700BDD9C4 /* Release */ = {
			isa = XCBuildConfiguration;
			buildSettings = {
				ASSETCATALOG_COMPILER_APPICON_NAME = AppIcon;
				ASSETCATALOG_COMPILER_LAUNCHIMAGE_NAME = LaunchImage;
				GCC_PRECOMPILE_PREFIX_HEADER = YES;
				GCC_PREFIX_HEADER = "ShotRocket/ShotRocket-Prefix.pch";
				INFOPLIST_FILE = "ShotRocket/ShotRocket-Info.plist";
				PRODUCT_NAME = "$(TARGET_NAME)";
				WRAPPER_EXTENSION = app;
			};
			name = Release;
		};
		6356CF891955612700BDD9C4 /* Debug */ = {
			isa = XCBuildConfiguration;
			buildSettings = {
				BUNDLE_LOADER = "$(BUILT_PRODUCTS_DIR)/ShotRocket.app/ShotRocket";
				FRAMEWORK_SEARCH_PATHS = (
					"$(SDKROOT)/Developer/Library/Frameworks",
					"$(inherited)",
					"$(DEVELOPER_FRAMEWORKS_DIR)",
				);
				GCC_PRECOMPILE_PREFIX_HEADER = YES;
				GCC_PREFIX_HEADER = "ShotRocket/ShotRocket-Prefix.pch";
				GCC_PREPROCESSOR_DEFINITIONS = (
					"DEBUG=1",
					"$(inherited)",
				);
				INFOPLIST_FILE = "ShotRocketTests/ShotRocketTests-Info.plist";
				PRODUCT_NAME = "$(TARGET_NAME)";
				TEST_HOST = "$(BUNDLE_LOADER)";
				WRAPPER_EXTENSION = xctest;
			};
			name = Debug;
		};
		6356CF8A1955612700BDD9C4 /* Release */ = {
			isa = XCBuildConfiguration;
			buildSettings = {
				BUNDLE_LOADER = "$(BUILT_PRODUCTS_DIR)/ShotRocket.app/ShotRocket";
				FRAMEWORK_SEARCH_PATHS = (
					"$(SDKROOT)/Developer/Library/Frameworks",
					"$(inherited)",
					"$(DEVELOPER_FRAMEWORKS_DIR)",
				);
				GCC_PRECOMPILE_PREFIX_HEADER = YES;
				GCC_PREFIX_HEADER = "ShotRocket/ShotRocket-Prefix.pch";
				INFOPLIST_FILE = "ShotRocketTests/ShotRocketTests-Info.plist";
				PRODUCT_NAME = "$(TARGET_NAME)";
				TEST_HOST = "$(BUNDLE_LOADER)";
				WRAPPER_EXTENSION = xctest;
			};
			name = Release;
		};
/* End XCBuildConfiguration section */

/* Begin XCConfigurationList section */
		6356CF4E1955612700BDD9C4 /* Build configuration list for PBXProject "ShotRocket" */ = {
			isa = XCConfigurationList;
			buildConfigurations = (
				6356CF831955612700BDD9C4 /* Debug */,
				6356CF841955612700BDD9C4 /* Release */,
			);
			defaultConfigurationIsVisible = 0;
			defaultConfigurationName = Release;
		};
		6356CF851955612700BDD9C4 /* Build configuration list for PBXNativeTarget "ShotRocket" */ = {
			isa = XCConfigurationList;
			buildConfigurations = (
				6356CF861955612700BDD9C4 /* Debug */,
				6356CF871955612700BDD9C4 /* Release */,
			);
			defaultConfigurationIsVisible = 0;
		};
		6356CF881955612700BDD9C4 /* Build configuration list for PBXNativeTarget "ShotRocketTests" */ = {
			isa = XCConfigurationList;
			buildConfigurations = (
				6356CF891955612700BDD9C4 /* Debug */,
				6356CF8A1955612700BDD9C4 /* Release */,
			);
			defaultConfigurationIsVisible = 0;
		};
/* End XCConfigurationList section */

/* Begin XCVersionGroup section */
		6356CF6A1955612700BDD9C4 /* ShotRocket.xcdatamodeld */ = {
			isa = XCVersionGroup;
			children = (
				6356CF6B1955612700BDD9C4 /* ShotRocket.xcdatamodel */,
			);
			currentVersion = 6356CF6B1955612700BDD9C4 /* ShotRocket.xcdatamodel */;
			path = ShotRocket.xcdatamodeld;
			sourceTree = "<group>";
			versionGroupType = wrapper.xcdatamodel;
		};
/* End XCVersionGroup section */
	};
	rootObject = 6356CF4B1955612700BDD9C4 /* Project object */;
}
